
Microsoft Visual Studio Solution File, Format Version 12.00
# Visual Studio Version 17
VisualStudioVersion = 17.7.34031.279
MinimumVisualStudioVersion = 10.0.40219.1
Project("{9A19103F-16F7-4668-BE54-9A1E7A4F7556}") = "BTD6 DIY Rounds Editor", "BTD6 DIY Rounds Editor\BTD6 DIY Rounds Editor.csproj", "{EDB1B560-3C89-4646-AC3F-8C75DE136B60}"
EndProject
Global
	GlobalSection(SolutionConfigurationPlatforms) = preSolution
		Debug|Any CPU = Debug|Any CPU
		Release|Any CPU = Release|Any CPU
	EndGlobalSection
	GlobalSection(ProjectConfigurationPlatforms) = postSolution
		{EDB1B560-3C89-4646-AC3F-8C75DE136B60}.Debug|Any CPU.ActiveCfg = Release|Any CPU
		{EDB1B560-3C89-4646-AC3F-8C75DE136B60}.Debug|Any CPU.Build.0 = Release|Any CPU
		{EDB1B560-3C89-4646-AC3F-8C75DE136B60}.Release|Any CPU.ActiveCfg = Release|Any CPU
		{EDB1B560-3C89-4646-AC3F-8C75DE136B60}.Release|Any CPU.Build.0 = Release|Any CPU
	EndGlobalSection
	GlobalSection(SolutionProperties) = preSolution
		HideSolutionNode = FALSE
	EndGlobalSection
	GlobalSection(ExtensibilityGlobals) = postSolution
		SolutionGuid = {AA3B1A41-297B-4A65-8BC4-8DD441E27969}
	EndGlobalSection
EndGlobal
